
Microsoft Visual Studio Solution File, Format Version 12.00
# Visual Studio Version 17
VisualStudioVersion = 17.10.35013.160
MinimumVisualStudioVersion = 10.0.40219.1
Project("{9A19103F-16F7-4668-BE54-9A1E7A4F7556}") = "DEPI", "DEPI\DEPI.csproj", "{193066EB-55A1-4068-BE77-FA46D7317F6F}"
EndProject
Project("{FAE04EC0-301F-11D3-BF4B-00C04F79EFBC}") = "DBModels", "DBModels\DBModels.csproj", "{5EC864E5-3E34-49C6-8D37-E8E76BF14E84}"
EndProject
Global
	GlobalSection(SolutionConfigurationPlatforms) = preSolution
		Debug|Any CPU = Debug|Any CPU
		Release|Any CPU = Release|Any CPU
	EndGlobalSection
	GlobalSection(ProjectConfigurationPlatforms) = postSolution
		{193066EB-55A1-4068-BE77-FA46D7317F6F}.Debug|Any CPU.ActiveCfg = Debug|Any CPU
		{193066EB-55A1-4068-BE77-FA46D7317F6F}.Debug|Any CPU.Build.0 = Debug|Any CPU
		{193066EB-55A1-4068-BE77-FA46D7317F6F}.Release|Any CPU.ActiveCfg = Release|Any CPU
		{193066EB-55A1-4068-BE77-FA46D7317F6F}.Release|Any CPU.Build.0 = Release|Any CPU
		{5EC864E5-3E34-49C6-8D37-E8E76BF14E84}.Debug|Any CPU.ActiveCfg = Debug|Any CPU
		{5EC864E5-3E34-49C6-8D37-E8E76BF14E84}.Debug|Any CPU.Build.0 = Debug|Any CPU
		{5EC864E5-3E34-49C6-8D37-E8E76BF14E84}.Release|Any CPU.ActiveCfg = Release|Any CPU
		{5EC864E5-3E34-49C6-8D37-E8E76BF14E84}.Release|Any CPU.Build.0 = Release|Any CPU
	EndGlobalSection
	GlobalSection(SolutionProperties) = preSolution
		HideSolutionNode = FALSE
	EndGlobalSection
	GlobalSection(ExtensibilityGlobals) = postSolution
		SolutionGuid = {FF5CCE85-F858-447E-AA30-AA21B8E4D72A}
	EndGlobalSection
EndGlobal
